Microsoft Visual Studio Solution File, Format Version 12.00
# Visual Studio Version 17
VisualStudioVersion = 17.5.2.0
MinimumVisualStudioVersion = 10.0.40219.1
Project("{FAE04EC0-301F-11D3-BF4B-00C04F79EFBC}") = "Blueprint", "Blueprint\Blueprint.csproj", "{84B95934-0FDA-8E48-51EB-F17308FF9082}"
EndProject
Global
	GlobalSection(SolutionConfigurationPlatforms) = preSolution
		Debug|Any CPU = Debug|Any CPU
		Release|Any CPU = Release|Any CPU
	EndGlobalSection
	GlobalSection(ProjectConfigurationPlatforms) = postSolution
		{84B95934-0FDA-8E48-51EB-F17308FF9082}.Debug|Any CPU.ActiveCfg = Debug|Any CPU
		{84B95934-0FDA-8E48-51EB-F17308FF9082}.Debug|Any CPU.Build.0 = Debug|Any CPU
		{84B95934-0FDA-8E48-51EB-F17308FF9082}.Release|Any CPU.ActiveCfg = Release|Any CPU
		{84B95934-0FDA-8E48-51EB-F17308FF9082}.Release|Any CPU.Build.0 = Release|Any CPU
	EndGlobalSection
	GlobalSection(SolutionProperties) = preSolution
		HideSolutionNode = FALSE
	EndGlobalSection
	GlobalSection(ExtensibilityGlobals) = postSolution
		SolutionGuid = {C9236036-3288-45D6-BEA4-3EEC5467AC0B}
	EndGlobalSection
EndGlobal
